
Microsoft Visual Studio Solution File, Format Version 12.00
# Visual Studio Version 17
VisualStudioVersion = 17.9.34616.47
MinimumVisualStudioVersion = 10.0.40219.1
Project("{2150E333-8FDC-42A3-9474-1A3956D46DE8}") = "Apps", "Apps", "{EB3B58A9-D9D1-4C35-B191-D9DD894EC39A}"
EndProject
Project("{9A19103F-16F7-4668-BE54-9A1E7A4F7556}") = "YPermitin.ExternalDevices.YPED", "Apps\YPermitin.ExternalDevices.YPED\YPermitin.ExternalDevices.YPED.csproj", "{9CA07A48-C94D-42E0-8245-E054DA5A69D9}"
EndProject
Project("{2150E333-8FDC-42A3-9474-1A3956D46DE8}") = "Docs", "Docs", "{5A89E1DD-9DE0-4ABD-B1D4-B66A1EB5897F}"
	ProjectSection(SolutionItems) = preProject
		LICENSE = LICENSE
		README.md = README.md
	EndProjectSection
EndProject
Project("{2150E333-8FDC-42A3-9474-1A3956D46DE8}") = "Web", "Web", "{66ECF0FA-859A-4961-A4D3-648EC6F25922}"
EndProject
Project("{2150E333-8FDC-42A3-9474-1A3956D46DE8}") = "Libs", "Libs", "{BF3D3C21-5D25-4875-808E-66BBD4E8C510}"
EndProject
Project("{2150E333-8FDC-42A3-9474-1A3956D46DE8}") = "Tests", "Tests", "{81F451A7-5E01-4741-99F0-7B96F97512C8}"
EndProject
Project("{FAE04EC0-301F-11D3-BF4B-00C04F79EFBC}") = "YPermitin.ExternalDevices.ManagementService", "Web\YPermitin.ExternalDevices.ManagementService\YPermitin.ExternalDevices.ManagementService.csproj", "{D49A3B66-66C1-41F9-AFB4-DCDCA5B98904}"
EndProject
Global
	GlobalSection(SolutionConfigurationPlatforms) = preSolution
		Debug|Any CPU = Debug|Any CPU
		Release|Any CPU = Release|Any CPU
	EndGlobalSection
	GlobalSection(ProjectConfigurationPlatforms) = postSolution
		{9CA07A48-C94D-42E0-8245-E054DA5A69D9}.Debug|Any CPU.ActiveCfg = Debug|Any CPU
		{9CA07A48-C94D-42E0-8245-E054DA5A69D9}.Debug|Any CPU.Build.0 = Debug|Any CPU
		{9CA07A48-C94D-42E0-8245-E054DA5A69D9}.Debug|Any CPU.Deploy.0 = Debug|Any CPU
		{9CA07A48-C94D-42E0-8245-E054DA5A69D9}.Release|Any CPU.ActiveCfg = Release|Any CPU
		{9CA07A48-C94D-42E0-8245-E054DA5A69D9}.Release|Any CPU.Build.0 = Release|Any CPU
		{9CA07A48-C94D-42E0-8245-E054DA5A69D9}.Release|Any CPU.Deploy.0 = Release|Any CPU
		{D49A3B66-66C1-41F9-AFB4-DCDCA5B98904}.Debug|Any CPU.ActiveCfg = Debug|Any CPU
		{D49A3B66-66C1-41F9-AFB4-DCDCA5B98904}.Debug|Any CPU.Build.0 = Debug|Any CPU
		{D49A3B66-66C1-41F9-AFB4-DCDCA5B98904}.Release|Any CPU.ActiveCfg = Release|Any CPU
		{D49A3B66-66C1-41F9-AFB4-DCDCA5B98904}.Release|Any CPU.Build.0 = Release|Any CPU
	EndGlobalSection
	GlobalSection(SolutionProperties) = preSolution
		HideSolutionNode = FALSE
	EndGlobalSection
	GlobalSection(NestedProjects) = preSolution
		{9CA07A48-C94D-42E0-8245-E054DA5A69D9} = {EB3B58A9-D9D1-4C35-B191-D9DD894EC39A}
		{D49A3B66-66C1-41F9-AFB4-DCDCA5B98904} = {66ECF0FA-859A-4961-A4D3-648EC6F25922}
	EndGlobalSection
	GlobalSection(ExtensibilityGlobals) = postSolution
		SolutionGuid = {57906219-8FE1-4FF9-AD65-1852699CF14E}
	EndGlobalSection
EndGlobal
